
Microsoft Visual Studio Solution File, Format Version 12.00
# Visual Studio Version 16
VisualStudioVersion = 16.0.30413.136
MinimumVisualStudioVersion = 10.0.40219.1
Project("{FAE04EC0-301F-11D3-BF4B-00C04F79EFBC}") = "MiCalculadora", "MiCalculadora\MiCalculadora.csproj", "{7647EFC1-5903-4933-ACDC-9F9CA403C437}"
EndProject
Project("{FAE04EC0-301F-11D3-BF4B-00C04F79EFBC}") = "Entidades", "Entidades\Entidades.csproj", "{90D8FACE-C014-4B54-BA83-9B75B88B0B50}"
EndProject
Global
	GlobalSection(SolutionConfigurationPlatforms) = preSolution
		Debug|Any CPU = Debug|Any CPU
		Release|Any CPU = Release|Any CPU
	EndGlobalSection
	GlobalSection(ProjectConfigurationPlatforms) = postSolution
		{7647EFC1-5903-4933-ACDC-9F9CA403C437}.Debug|Any CPU.ActiveCfg = Debug|Any CPU
		{7647EFC1-5903-4933-ACDC-9F9CA403C437}.Debug|Any CPU.Build.0 = Debug|Any CPU
		{7647EFC1-5903-4933-ACDC-9F9CA403C437}.Release|Any CPU.ActiveCfg = Release|Any CPU
		{7647EFC1-5903-4933-ACDC-9F9CA403C437}.Release|Any CPU.Build.0 = Release|Any CPU
		{90D8FACE-C014-4B54-BA83-9B75B88B0B50}.Debug|Any CPU.ActiveCfg = Debug|Any CPU
		{90D8FACE-C014-4B54-BA83-9B75B88B0B50}.Debug|Any CPU.Build.0 = Debug|Any CPU
		{90D8FACE-C014-4B54-BA83-9B75B88B0B50}.Release|Any CPU.ActiveCfg = Release|Any CPU
		{90D8FACE-C014-4B54-BA83-9B75B88B0B50}.Release|Any CPU.Build.0 = Release|Any CPU
	EndGlobalSection
	GlobalSection(SolutionProperties) = preSolution
		HideSolutionNode = FALSE
	EndGlobalSection
	GlobalSection(ExtensibilityGlobals) = postSolution
		SolutionGuid = {C3018876-4CB4-4C1D-809F-FBE01EE2DD11}
	EndGlobalSection
EndGlobal
